// !$*UTF8*$!
{
	archiveVersion = 1;
	classes = {
	};
	objectVersion = 46;
	objects = {

/* Begin PBXBuildFile section */
		B06F03281E66FBFF005076A2 /* VNSessionLib.m in Sources */ = {isa = PBXBuildFile; fileRef = B06F03271E66FBFF005076A2 /* VNSessionLib.m */; };
		B06F032B1E66FC96005076A2 /* SpecificThemePackgScreen.m in Sources */ = {isa = PBXBuildFile; fileRef = B06F032A1E66FC96005076A2 /* SpecificThemePackgScreen.m */; };
		B06F03321E66FCAB005076A2 /* IAPHelper.m in Sources */ = {isa = PBXBuildFile; fileRef = B06F032D1E66FCAB005076A2 /* IAPHelper.m */; };
		B06F03331E66FCAB005076A2 /* InAppPuchaseViewController.m in Sources */ = {isa = PBXBuildFile; fileRef = B06F032F1E66FCAB005076A2 /* InAppPuchaseViewController.m */; };
		B06F03341E66FCAB005076A2 /* InAppRageIAPHelper.m in Sources */ = {isa = PBXBuildFile; fileRef = B06F03311E66FCAB005076A2 /* InAppRageIAPHelper.m */; };
		B06F03371E66FD3F005076A2 /* MBProgressHUD.m in Sources */ = {isa = PBXBuildFile; fileRef = B06F03361E66FD3F005076A2 /* MBProgressHUD.m */; };
		B06F033F1E66FEB3005076A2 /* AKPayPal.m in Sources */ = {isa = PBXBuildFile; fileRef = B06F033C1E66FEB3005076A2 /* AKPayPal.m */; };
		B06F03401E66FEB3005076A2 /* Cart_Model.m in Sources */ = {isa = PBXBuildFile; fileRef = B06F033E1E66FEB3005076A2 /* Cart_Model.m */; };
		B06F03431E66FF13005076A2 /* PaypalPaymentViewController.m in Sources */ = {isa = PBXBuildFile; fileRef = B06F03421E66FF13005076A2 /* PaypalPaymentViewController.m */; };
		B071C13E1E3716EB005D20F6 /* main.m in Sources */ = {isa = PBXBuildFile; fileRef = B071C13D1E3716EB005D20F6 /* main.m */; };
		B071C1441E3716EF005D20F6 /* ViewController.m in Sources */ = {isa = PBXBuildFile; fileRef = B071C1431E3716EF005D20F6 /* ViewController.m */; };
		B071C1471E3716F1005D20F6 /* Main.storyboard in Resources */ = {isa = PBXBuildFile; fileRef = B071C1451E3716F1005D20F6 /* Main.storyboard */; };
		B071C1491E3716F6005D20F6 /* Assets.xcassets in Resources */ = {isa = PBXBuildFile; fileRef = B071C1481E3716F6005D20F6 /* Assets.xcassets */; };
		B071C14C1E3716F7005D20F6 /* LaunchScreen.storyboard in Resources */ = {isa = PBXBuildFile; fileRef = B071C14A1E3716F7005D20F6 /* LaunchScreen.storyboard */; };
		B071C1571E3716FF005D20F6 /* TestDemoTests.m in Sources */ = {isa = PBXBuildFile; fileRef = B071C1561E3716FF005D20F6 /* TestDemoTests.m */; };
		B071C1621E371702005D20F6 /* TestDemoUITests.m in Sources */ = {isa = PBXBuildFile; fileRef = B071C1611E371702005D20F6 /* TestDemoUITests.m */; };
		B071C1711E37171F005D20F6 /* SearchScreen.m in Sources */ = {isa = PBXBuildFile; fileRef = B071C16F1E37171F005D20F6 /* SearchScreen.m */; };
		B071C1781E3717C5005D20F6 /* WebConnection1.m in Sources */ = {isa = PBXBuildFile; fileRef = B071C1771E3717C5005D20F6 /* WebConnection1.m */; };
		B071C17B1E3718D9005D20F6 /* Reachability.m in Sources */ = {isa = PBXBuildFile; fileRef = B071C17A1E3718D9005D20F6 /* Reachability.m */; };
		B071C17E1E371A81005D20F6 /* AppDelegate.m in Sources */ = {isa = PBXBuildFile; fileRef = B071C17D1E371A81005D20F6 /* AppDelegate.m */; };
		B071C1811E371C00005D20F6 /* DBManager.m in Sources */ = {isa = PBXBuildFile; fileRef = B071C1801E371C00005D20F6 /* DBManager.m */; };
/* End PBXBuildFile section */

/* Begin PBXContainerItemProxy section */
		B071C1531E3716FD005D20F6 /* PBXContainerItemProxy */ = {
			isa = PBXContainerItemProxy;
			containerPortal = B071C1311E3716EA005D20F6 /* Project object */;
			proxyType = 1;
			remoteGlobalIDString = B071C1381E3716EA005D20F6;
			remoteInfo = TestDemo;
		};
		B071C15E1E371701005D20F6 /* PBXContainerItemProxy */ = {
			isa = PBXContainerItemProxy;
			containerPortal = B071C1311E3716EA005D20F6 /* Project object */;
			proxyType = 1;
			remoteGlobalIDString = B071C1381E3716EA005D20F6;
			remoteInfo = TestDemo;
		};
/* End PBXContainerItemProxy section */

/* Begin PBXFileReference section */
		B06F03261E66FBFF005076A2 /* VNSessionLib.h */ = {isa = PBXFileReference; fileEncoding = 4; lastKnownFileType = sourcecode.c.h; path = VNSessionLib.h; sourceTree = "<group>"; };
		B06F03271E66FBFF005076A2 /* VNSessionLib.m */ = {isa = PBXFileReference; fileEncoding = 4; lastKnownFileType = sourcecode.c.objc; path = VNSessionLib.m; sourceTree = "<group>"; };
		B06F03291E66FC96005076A2 /* SpecificThemePackgScreen.h */ = {isa = PBXFileReference; fileEncoding = 4; lastKnownFileType = sourcecode.c.h; path = SpecificThemePackgScreen.h; sourceTree = "<group>"; };
		B06F032A1E66FC96005076A2 /* SpecificThemePackgScreen.m */ = {isa = PBXFileReference; fileEncoding = 4; lastKnownFileType = sourcecode.c.objc; path = SpecificThemePackgScreen.m; sourceTree = "<group>"; };
		B06F032C1E66FCAB005076A2 /* IAPHelper.h */ = {isa = PBXFileReference; fileEncoding = 4; lastKnownFileType = sourcecode.c.h; path = IAPHelper.h; sourceTree = "<group>"; };
		B06F032D1E66FCAB005076A2 /* IAPHelper.m */ = {isa = PBXFileReference; fileEncoding = 4; lastKnownFileType = sourcecode.c.objc; path = IAPHelper.m; sourceTree = "<group>"; };
		B06F032E1E66FCAB005076A2 /* InAppPuchaseViewController.h */ = {isa = PBXFileReference; fileEncoding = 4; lastKnownFileType = sourcecode.c.h; path = InAppPuchaseViewController.h; sourceTree = "<group>"; };
		B06F032F1E66FCAB005076A2 /* InAppPuchaseViewController.m */ = {isa = PBXFileReference; fileEncoding = 4; lastKnownFileType = sourcecode.c.objc; path = InAppPuchaseViewController.m; sourceTree = "<group>"; };
		B06F03301E66FCAB005076A2 /* InAppRageIAPHelper.h */ = {isa = PBXFileReference; fileEncoding = 4; lastKnownFileType = sourcecode.c.h; path = InAppRageIAPHelper.h; sourceTree = "<group>"; };
		B06F03311E66FCAB005076A2 /* InAppRageIAPHelper.m */ = {isa = PBXFileReference; fileEncoding = 4; lastKnownFileType = sourcecode.c.objc; path = InAppRageIAPHelper.m; sourceTree = "<group>"; };
		B06F03351E66FD3F005076A2 /* MBProgressHUD.h */ = {isa = PBXFileReference; fileEncoding = 4; lastKnownFileType = sourcecode.c.h; path = MBProgressHUD.h; sourceTree = "<group>"; };
		B06F03361E66FD3F005076A2 /* MBProgressHUD.m */ = {isa = PBXFileReference; fileEncoding = 4; lastKnownFileType = sourcecode.c.objc; path = MBProgressHUD.m; sourceTree = "<group>"; };
		B06F033B1E66FEB3005076A2 /* AKPayPal.h */ = {isa = PBXFileReference; fileEncoding = 4; lastKnownFileType = sourcecode.c.h; path = AKPayPal.h; sourceTree = "<group>"; };
		B06F033C1E66FEB3005076A2 /* AKPayPal.m */ = {isa = PBXFileReference; fileEncoding = 4; lastKnownFileType = sourcecode.c.objc; path = AKPayPal.m; sourceTree = "<group>"; };
		B06F033D1E66FEB3005076A2 /* Cart_Model.h */ = {isa = PBXFileReference; fileEncoding = 4; lastKnownFileType = sourcecode.c.h; path = Cart_Model.h; sourceTree = "<group>"; };
		B06F033E1E66FEB3005076A2 /* Cart_Model.m */ = {isa = PBXFileReference; fileEncoding = 4; lastKnownFileType = sourcecode.c.objc; path = Cart_Model.m; sourceTree = "<group>"; };
		B06F03411E66FF13005076A2 /* PaypalPaymentViewController.h */ = {isa = PBXFileReference; fileEncoding = 4; lastKnownFileType = sourcecode.c.h; path = PaypalPaymentViewController.h; sourceTree = "<group>"; };
		B06F03421E66FF13005076A2 /* PaypalPaymentViewController.m */ = {isa = PBXFileReference; fileEncoding = 4; lastKnownFileType = sourcecode.c.objc; path = PaypalPaymentViewController.m; sourceTree = "<group>"; };
		B071C1391E3716EB005D20F6 /* TestDemo.app */ = {isa = PBXFileReference; explicitFileType = wrapper.application; includeInIndex = 0; path = TestDemo.app; sourceTree = BUILT_PRODUCTS_DIR; };
		B071C13D1E3716EB005D20F6 /* main.m */ = {isa = PBXFileReference; lastKnownFileType = sourcecode.c.objc; path = main.m; sourceTree = "<group>"; };
		B071C1421E3716EE005D20F6 /* ViewController.h */ = {isa = PBXFileReference; lastKnownFileType = sourcecode.c.h; path = ViewController.h; sourceTree = "<group>"; };
		B071C1431E3716EF005D20F6 /* ViewController.m */ = {isa = PBXFileReference; lastKnownFileType = sourcecode.c.objc; path = ViewController.m; sourceTree = "<group>"; };
		B071C1461E3716F1005D20F6 /* Base */ = {isa = PBXFileReference; lastKnownFileType = file.storyboard; name = Base; path = Base.lproj/Main.storyboard; sourceTree = "<group>"; };
		B071C1481E3716F6005D20F6 /* Assets.xcassets */ = {isa = PBXFileReference; lastKnownFileType = folder.assetcatalog; path = Assets.xcassets; sourceTree = "<group>"; };
		B071C14B1E3716F7005D20F6 /* Base */ = {isa = PBXFileReference; lastKnownFileType = file.storyboard; name = Base; path = Base.lproj/LaunchScreen.storyboard; sourceTree = "<group>"; };
		B071C14D1E3716F8005D20F6 /* Info.plist */ = {isa = PBXFileReference; lastKnownFileType = text.plist.xml; path = Info.plist; sourceTree = "<group>"; };
		B071C1521E3716FD005D20F6 /* TestDemoTests.xctest */ = {isa = PBXFileReference; explicitFileType = wrapper.cfbundle; includeInIndex = 0; path = TestDemoTests.xctest; sourceTree = BUILT_PRODUCTS_DIR; };
		B071C1561E3716FF005D20F6 /* TestDemoTests.m */ = {isa = PBXFileReference; lastKnownFileType = sourcecode.c.objc; path = TestDemoTests.m; sourceTree = "<group>"; };
		B071C1581E371701005D20F6 /* Info.plist */ = {isa = PBXFileReference; lastKnownFileType = text.plist.xml; path = Info.plist; sourceTree = "<group>"; };
		B071C15D1E371701005D20F6 /* TestDemoUITests.xctest */ = {isa = PBXFileReference; explicitFileType = wrapper.cfbundle; includeInIndex = 0; path = TestDemoUITests.xctest; sourceTree = BUILT_PRODUCTS_DIR; };
		B071C1611E371702005D20F6 /* TestDemoUITests.m */ = {isa = PBXFileReference; lastKnownFileType = sourcecode.c.objc; path = TestDemoUITests.m; sourceTree = "<group>"; };
		B071C1631E371702005D20F6 /* Info.plist */ = {isa = PBXFileReference; lastKnownFileType = text.plist.xml; path = Info.plist; sourceTree = "<group>"; };
		B071C16F1E37171F005D20F6 /* SearchScreen.m */ = {isa = PBXFileReference; fileEncoding = 4; lastKnownFileType = sourcecode.c.objc; path = SearchScreen.m; sourceTree = "<group>"; };
		B071C1701E37171F005D20F6 /* SearchScreen.h */ = {isa = PBXFileReference; fileEncoding = 4; lastKnownFileType = sourcecode.c.h; path = SearchScreen.h; sourceTree = "<group>"; };
		B071C1721E37174B005D20F6 /* HeaderAndConstants.h */ = {isa = PBXFileReference; lastKnownFileType = sourcecode.c.h; path = HeaderAndConstants.h; sourceTree = "<group>"; };
		B071C1761E3717C5005D20F6 /* WebConnection1.h */ = {isa = PBXFileReference; fileEncoding = 4; lastKnownFileType = sourcecode.c.h; path = WebConnection1.h; sourceTree = "<group>"; };
		B071C1771E3717C5005D20F6 /* WebConnection1.m */ = {isa = PBXFileReference; fileEncoding = 4; lastKnownFileType = sourcecode.c.objc; path = WebConnection1.m; sourceTree = "<group>"; };
		B071C1791E3718D9005D20F6 /* Reachability.h */ = {isa = PBXFileReference; fileEncoding = 4; lastKnownFileType = sourcecode.c.h; path = Reachability.h; sourceTree = "<group>"; };
		B071C17A1E3718D9005D20F6 /* Reachability.m */ = {isa = PBXFileReference; fileEncoding = 4; lastKnownFileType = sourcecode.c.objc; path = Reachability.m; sourceTree = "<group>"; };
		B071C17C1E371A81005D20F6 /* AppDelegate.h */ = {isa = PBXFileReference; fileEncoding = 4; lastKnownFileType = sourcecode.c.h; path = AppDelegate.h; sourceTree = "<group>"; };
		B071C17D1E371A81005D20F6 /* AppDelegate.m */ = {isa = PBXFileReference; fileEncoding = 4; lastKnownFileType = sourcecode.c.objc; path = AppDelegate.m; sourceTree = "<group>"; };
		B071C17F1E371BFF005D20F6 /* DBManager.h */ = {isa = PBXFileReference; fileEncoding = 4; lastKnownFileType = sourcecode.c.h; path = DBManager.h; sourceTree = "<group>"; };
		B071C1801E371C00005D20F6 /* DBManager.m */ = {isa = PBXFileReference; fileEncoding = 4; lastKnownFileType = sourcecode.c.objc; path = DBManager.m; sourceTree = "<group>"; };
/* End PBXFileReference section */

/* Begin PBXFrameworksBuildPhase section */
		B071C1361E3716EA005D20F6 /* Frameworks */ = {
			isa = PBXFrameworksBuildPhase;
			buildActionMask = 2147483647;
			files = (
			);
			runOnlyForDeploymentPostprocessing = 0;
		};
		B071C14F1E3716FD005D20F6 /* Frameworks */ = {
			isa = PBXFrameworksBuildPhase;
			buildActionMask = 2147483647;
			files = (
			);
			runOnlyForDeploymentPostprocessing = 0;
		};
		B071C15A1E371701005D20F6 /* Frameworks */ = {
			isa = PBXFrameworksBuildPhase;
			buildActionMask = 2147483647;
			files = (
			);
			runOnlyForDeploymentPostprocessing = 0;
		};
/* End PBXFrameworksBuildPhase section */

/* Begin PBXGroup section */
		B06F03251E66FBFE005076A2 /* VNSessionLib */ = {
			isa = PBXGroup;
			children = (
				B06F03261E66FBFF005076A2 /* VNSessionLib.h */,
				B06F03271E66FBFF005076A2 /* VNSessionLib.m */,
			);
			path = VNSessionLib;
			sourceTree = "<group>";
		};
		B06F033A1E66FEA5005076A2 /* Paypal */ = {
			isa = PBXGroup;
			children = (
				B06F03411E66FF13005076A2 /* PaypalPaymentViewController.h */,
				B06F03421E66FF13005076A2 /* PaypalPaymentViewController.m */,
				B06F033B1E66FEB3005076A2 /* AKPayPal.h */,
				B06F033C1E66FEB3005076A2 /* AKPayPal.m */,
				B06F033D1E66FEB3005076A2 /* Cart_Model.h */,
				B06F033E1E66FEB3005076A2 /* Cart_Model.m */,
			);
			name = Paypal;
			sourceTree = "<group>";
		};
		B071C1301E3716EA005D20F6 = {
			isa = PBXGroup;
			children = (
				B071C13B1E3716EB005D20F6 /* TestDemo */,
				B071C1551E3716FD005D20F6 /* TestDemoTests */,
				B071C1601E371701005D20F6 /* TestDemoUITests */,
				B071C13A1E3716EB005D20F6 /* Products */,
			);
			sourceTree = "<group>";
		};
		B071C13A1E3716EB005D20F6 /* Products */ = {
			isa = PBXGroup;
			children = (
				B071C1391E3716EB005D20F6 /* TestDemo.app */,
				B071C1521E3716FD005D20F6 /* TestDemoTests.xctest */,
				B071C15D1E371701005D20F6 /* TestDemoUITests.xctest */,
			);
			name = Products;
			sourceTree = "<group>";
		};
		B071C13B1E3716EB005D20F6 /* TestDemo */ = {
			isa = PBXGroup;
			children = (
				B071C1421E3716EE005D20F6 /* ViewController.h */,
				B071C1431E3716EF005D20F6 /* ViewController.m */,
				B071C1451E3716F1005D20F6 /* Main.storyboard */,
				B071C1481E3716F6005D20F6 /* Assets.xcassets */,
				B071C14A1E3716F7005D20F6 /* LaunchScreen.storyboard */,
				B071C14D1E3716F8005D20F6 /* Info.plist */,
				B071C13C1E3716EB005D20F6 /* Supporting Files */,
			);
			path = TestDemo;
			sourceTree = "<group>";
		};
		B071C13C1E3716EB005D20F6 /* Supporting Files */ = {
			isa = PBXGroup;
			children = (
				B06F033A1E66FEA5005076A2 /* Paypal */,
				B06F03351E66FD3F005076A2 /* MBProgressHUD.h */,
				B06F03361E66FD3F005076A2 /* MBProgressHUD.m */,
				B06F032C1E66FCAB005076A2 /* IAPHelper.h */,
				B06F032D1E66FCAB005076A2 /* IAPHelper.m */,
				B06F032E1E66FCAB005076A2 /* InAppPuchaseViewController.h */,
				B06F032F1E66FCAB005076A2 /* InAppPuchaseViewController.m */,
				B06F03301E66FCAB005076A2 /* InAppRageIAPHelper.h */,
				B06F03311E66FCAB005076A2 /* InAppRageIAPHelper.m */,
				B06F03291E66FC96005076A2 /* SpecificThemePackgScreen.h */,
				B06F032A1E66FC96005076A2 /* SpecificThemePackgScreen.m */,
				B06F03251E66FBFE005076A2 /* VNSessionLib */,
				B071C17F1E371BFF005D20F6 /* DBManager.h */,
				B071C1801E371C00005D20F6 /* DBManager.m */,
				B071C17C1E371A81005D20F6 /* AppDelegate.h */,
				B071C17D1E371A81005D20F6 /* AppDelegate.m */,
				B071C1791E3718D9005D20F6 /* Reachability.h */,
				B071C17A1E3718D9005D20F6 /* Reachability.m */,
				B071C1761E3717C5005D20F6 /* WebConnection1.h */,
				B071C1771E3717C5005D20F6 /* WebConnection1.m */,
				B071C1721E37174B005D20F6 /* HeaderAndConstants.h */,
				B071C16F1E37171F005D20F6 /* SearchScreen.m */,
				B071C1701E37171F005D20F6 /* SearchScreen.h */,
				B071C13D1E3716EB005D20F6 /* main.m */,
			);
			name = "Supporting Files";
			sourceTree = "<group>";
		};
		B071C1551E3716FD005D20F6 /* TestDemoTests */ = {
			isa = PBXGroup;
			children = (
				B071C1561E3716FF005D20F6 /* TestDemoTests.m */,
				B071C1581E371701005D20F6 /* Info.plist */,
			);
			path = TestDemoTests;
			sourceTree = "<group>";
		};
		B071C1601E371701005D20F6 /* TestDemoUITests */ = {
			isa = PBXGroup;
			children = (
				B071C1611E371702005D20F6 /* TestDemoUITests.m */,
				B071C1631E371702005D20F6 /* Info.plist */,
			);
			path = TestDemoUITests;
			sourceTree = "<group>";
		};
/* End PBXGroup section */

/* Begin PBXNativeTarget section */
		B071C1381E3716EA005D20F6 /* TestDemo */ = {
			isa = PBXNativeTarget;
			buildConfigurationList = B071C1661E371702005D20F6 /* Build configuration list for PBXNativeTarget "TestDemo" */;
			buildPhases = (
				B071C1351E3716EA005D20F6 /* Sources */,
				B071C1361E3716EA005D20F6 /* Frameworks */,
				B071C1371E3716EA005D20F6 /* Resources */,
			);
			buildRules = (
			);
			dependencies = (
			);
			name = TestDemo;
			productName = TestDemo;
			productReference = B071C1391E3716EB005D20F6 /* TestDemo.app */;
			productType = "com.apple.product-type.application";
		};
		B071C1511E3716FD005D20F6 /* TestDemoTests */ = {
			isa = PBXNativeTarget;
			buildConfigurationList = B071C1691E371702005D20F6 /* Build configuration list for PBXNativeTarget "TestDemoTests" */;
			buildPhases = (
				B071C14E1E3716FD005D20F6 /* Sources */,
				B071C14F1E3716FD005D20F6 /* Frameworks */,
				B071C1501E3716FD005D20F6 /* Resources */,
			);
			buildRules = (
			);
			dependencies = (
				B071C1541E3716FD005D20F6 /* PBXTargetDependency */,
			);
			name = TestDemoTests;
			productName = TestDemoTests;
			productReference = B071C1521E3716FD005D20F6 /* TestDemoTests.xctest */;
			productType = "com.apple.product-type.bundle.unit-test";
		};
		B071C15C1E371701005D20F6 /* TestDemoUITests */ = {
			isa = PBXNativeTarget;
			buildConfigurationList = B071C16C1E371702005D20F6 /* Build configuration list for PBXNativeTarget "TestDemoUITests" */;
			buildPhases = (
				B071C1591E371701005D20F6 /* Sources */,
				B071C15A1E371701005D20F6 /* Frameworks */,
				B071C15B1E371701005D20F6 /* Resources */,
			);
			buildRules = (
			);
			dependencies = (
				B071C15F1E371701005D20F6 /* PBXTargetDependency */,
			);
			name = TestDemoUITests;
			productName = TestDemoUITests;
			productReference = B071C15D1E371701005D20F6 /* TestDemoUITests.xctest */;
			productType = "com.apple.product-type.bundle.ui-testing";
		};
/* End PBXNativeTarget section */

/* Begin PBXProject section */
		B071C1311E3716EA005D20F6 /* Project object */ = {
			isa = PBXProject;
			attributes = {
				LastUpgradeCheck = 0810;
				ORGANIZATIONNAME = "Syneotek Software Solution";
				TargetAttributes = {
					B071C1381E3716EA005D20F6 = {
						CreatedOnToolsVersion = 8.1;
						DevelopmentTeam = 4R3TF23F7H;
						ProvisioningStyle = Automatic;
					};
					B071C1511E3716FD005D20F6 = {
						CreatedOnToolsVersion = 8.1;
						ProvisioningStyle = Automatic;
						TestTargetID = B071C1381E3716EA005D20F6;
					};
					B071C15C1E371701005D20F6 = {
						CreatedOnToolsVersion = 8.1;
						ProvisioningStyle = Automatic;
						TestTargetID = B071C1381E3716EA005D20F6;
					};
				};
			};
			buildConfigurationList = B071C1341E3716EA005D20F6 /* Build configuration list for PBXProject "TestDemo" */;
			compatibilityVersion = "Xcode 3.2";
			developmentRegion = English;
			hasScannedForEncodings = 0;
			knownRegions = (
				en,
				Base,
			);
			mainGroup = B071C1301E3716EA005D20F6;
			productRefGroup = B071C13A1E3716EB005D20F6 /* Products */;
			projectDirPath = "";
			projectRoot = "";
			targets = (
				B071C1381E3716EA005D20F6 /* TestDemo */,
				B071C1511E3716FD005D20F6 /* TestDemoTests */,
				B071C15C1E371701005D20F6 /* TestDemoUITests */,
			);
		};
/* End PBXProject section */

/* Begin PBXResourcesBuildPhase section */
		B071C1371E3716EA005D20F6 /* Resources */ = {
			isa = PBXResourcesBuildPhase;
			buildActionMask = 2147483647;
			files = (
				B071C14C1E3716F7005D20F6 /* LaunchScreen.storyboard in Resources */,
				B071C1491E3716F6005D20F6 /* Assets.xcassets in Resources */,
				B071C1471E3716F1005D20F6 /* Main.storyboard in Resources */,
			);
			runOnlyForDeploymentPostprocessing = 0;
		};
		B071C1501E3716FD005D20F6 /* Resources */ = {
			isa = PBXResourcesBuildPhase;
			buildActionMask = 2147483647;
			files = (
			);
			runOnlyForDeploymentPostprocessing = 0;
		};
		B071C15B1E371701005D20F6 /* Resources */ = {
			isa = PBXResourcesBuildPhase;
			buildActionMask = 2147483647;
			files = (
			);
			runOnlyForDeploymentPostprocessing = 0;
		};
/* End PBXResourcesBuildPhase section */

/* Begin PBXSourcesBuildPhase section */
		B071C1351E3716EA005D20F6 /* Sources */ = {
			isa = PBXSourcesBuildPhase;
			buildActionMask = 2147483647;
			files = (
				B06F03281E66FBFF005076A2 /* VNSessionLib.m in Sources */,
				B071C1811E371C00005D20F6 /* DBManager.m in Sources */,
				B071C1441E3716EF005D20F6 /* ViewController.m in Sources */,
				B071C13E1E3716EB005D20F6 /* main.m in Sources */,
				B06F033F1E66FEB3005076A2 /* AKPayPal.m in Sources */,
				B06F03331E66FCAB005076A2 /* InAppPuchaseViewController.m in Sources */,
				B06F032B1E66FC96005076A2 /* SpecificThemePackgScreen.m in Sources */,
				B071C17E1E371A81005D20F6 /* AppDelegate.m in Sources */,
				B071C1781E3717C5005D20F6 /* WebConnection1.m in Sources */,
				B06F03341E66FCAB005076A2 /* InAppRageIAPHelper.m in Sources */,
				B06F03371E66FD3F005076A2 /* MBProgressHUD.m in Sources */,
				B071C17B1E3718D9005D20F6 /* Reachability.m in Sources */,
				B06F03431E66FF13005076A2 /* PaypalPaymentViewController.m in Sources */,
				B06F03321E66FCAB005076A2 /* IAPHelper.m in Sources */,
				B071C1711E37171F005D20F6 /* SearchScreen.m in Sources */,
				B06F03401E66FEB3005076A2 /* Cart_Model.m in Sources */,
			);
			runOnlyForDeploymentPostprocessing = 0;
		};
		B071C14E1E3716FD005D20F6 /* Sources */ = {
			isa = PBXSourcesBuildPhase;
			buildActionMask = 2147483647;
			files = (
				B071C1571E3716FF005D20F6 /* TestDemoTests.m in Sources */,
			);
			runOnlyForDeploymentPostprocessing = 0;
		};
		B071C1591E371701005D20F6 /* Sources */ = {
			isa = PBXSourcesBuildPhase;
			buildActionMask = 2147483647;
			files = (
				B071C1621E371702005D20F6 /* TestDemoUITests.m in Sources */,
			);
			runOnlyForDeploymentPostprocessing = 0;
		};
/* End PBXSourcesBuildPhase section */

/* Begin PBXTargetDependency section */
		B071C1541E3716FD005D20F6 /* PBXTargetDependency */ = {
			isa = PBXTargetDependency;
			target = B071C1381E3716EA005D20F6 /* TestDemo */;
			targetProxy = B071C1531E3716FD005D20F6 /* PBXContainerItemProxy */;
		};
		B071C15F1E371701005D20F6 /* PBXTargetDependency */ = {
			isa = PBXTargetDependency;
			target = B071C1381E3716EA005D20F6 /* TestDemo */;
			targetProxy = B071C15E1E371701005D20F6 /* PBXContainerItemProxy */;
		};
/* End PBXTargetDependency section */

/* Begin PBXVariantGroup section */
		B071C1451E3716F1005D20F6 /* Main.storyboard */ = {
			isa = PBXVariantGroup;
			children = (
				B071C1461E3716F1005D20F6 /* Base */,
			);
			name = Main.storyboard;
			sourceTree = "<group>";
		};
		B071C14A1E3716F7005D20F6 /* LaunchScreen.storyboard */ = {
			isa = PBXVariantGroup;
			children = (
				B071C14B1E3716F7005D20F6 /* Base */,
			);
			name = LaunchScreen.storyboard;
			sourceTree = "<group>";
		};
/* End PBXVariantGroup section */

/* Begin XCBuildConfiguration section */
		B071C1641E371702005D20F6 /* Debug */ = {
			isa = XCBuildConfiguration;
			buildSettings = {
				ALWAYS_SEARCH_USER_PATHS = NO;
				CLANG_ANALYZER_NONNULL = YES;
				CLANG_CXX_LANGUAGE_STANDARD = "gnu++0x";
				CLANG_CXX_LIBRARY = "libc++";
				CLANG_ENABLE_MODULES = YES;
				CLANG_ENABLE_OBJC_ARC = YES;
				CLANG_WARN_BOOL_CONVERSION = YES;
				CLANG_WARN_CONSTANT_CONVERSION = YES;
				CLANG_WARN_DIRECT_OBJC_ISA_USAGE = YES_ERROR;
				CLANG_WARN_DOCUMENTATION_COMMENTS = YES;
				CLANG_WARN_EMPTY_BODY = YES;
				CLANG_WARN_ENUM_CONVERSION = YES;
				CLANG_WARN_INFINITE_RECURSION = YES;
				CLANG_WARN_INT_CONVERSION = YES;
				CLANG_WARN_OBJC_ROOT_CLASS = YES_ERROR;
				CLANG_WARN_SUSPICIOUS_MOVES = YES;
				CLANG_WARN_UNREACHABLE_CODE = YES;
				CLANG_WARN__DUPLICATE_METHOD_MATCH = YES;
				"CODE_SIGN_IDENTITY[sdk=iphoneos*]" = "iPhone Developer";
				COPY_PHASE_STRIP = NO;
				DEBUG_INFORMATION_FORMAT = dwarf;
				ENABLE_STRICT_OBJC_MSGSEND = YES;
				ENABLE_TESTABILITY = YES;
				GCC_C_LANGUAGE_STANDARD = gnu99;
				GCC_DYNAMIC_NO_PIC = NO;
				GCC_NO_COMMON_BLOCKS = YES;
				GCC_OPTIMIZATION_LEVEL = 0;
				GCC_PREPROCESSOR_DEFINITIONS = (
					"DEBUG=1",
					"$(inherited)",
				);
				GCC_WARN_64_TO_32_BIT_CONVERSION = YES;
				GCC_WARN_ABOUT_RETURN_TYPE = YES_ERROR;
				GCC_WARN_UNDECLARED_SELECTOR = YES;
				GCC_WARN_UNINITIALIZED_AUTOS = YES_AGGRESSIVE;
				GCC_WARN_UNUSED_FUNCTION = YES;
				GCC_WARN_UNUSED_VARIABLE = YES;
				IPHONEOS_DEPLOYMENT_TARGET = 10.1;
				MTL_ENABLE_DEBUG_INFO = YES;
				ONLY_ACTIVE_ARCH = YES;
				SDKROOT = iphoneos;
			};
			name = Debug;
		};
		B071C1651E371702005D20F6 /* Release */ = {
			isa = XCBuildConfiguration;
			buildSettings = {
				ALWAYS_SEARCH_USER_PATHS = NO;
				CLANG_ANALYZER_NONNULL = YES;
				CLANG_CXX_LANGUAGE_STANDARD = "gnu++0x";
				CLANG_CXX_LIBRARY = "libc++";
				CLANG_ENABLE_MODULES = YES;
				CLANG_ENABLE_OBJC_ARC = YES;
				CLANG_WARN_BOOL_CONVERSION = YES;
				CLANG_WARN_CONSTANT_CONVERSION = YES;
				CLANG_WARN_DIRECT_OBJC_ISA_USAGE = YES_ERROR;
				CLANG_WARN_DOCUMENTATION_COMMENTS = YES;
				CLANG_WARN_EMPTY_BODY = YES;
				CLANG_WARN_ENUM_CONVERSION = YES;
				CLANG_WARN_INFINITE_RECURSION = YES;
				CLANG_WARN_INT_CONVERSION = YES;
				CLANG_WARN_OBJC_ROOT_CLASS = YES_ERROR;
				CLANG_WARN_SUSPICIOUS_MOVES = YES;
				CLANG_WARN_UNREACHABLE_CODE = YES;
				CLANG_WARN__DUPLICATE_METHOD_MATCH = YES;
				"CODE_SIGN_IDENTITY[sdk=iphoneos*]" = "iPhone Developer";
				COPY_PHASE_STRIP = NO;
				DEBUG_INFORMATION_FORMAT = "dwarf-with-dsym";
				ENABLE_NS_ASSERTIONS = NO;
				ENABLE_STRICT_OBJC_MSGSEND = YES;
				GCC_C_LANGUAGE_STANDARD = gnu99;
				GCC_NO_COMMON_BLOCKS = YES;
				GCC_WARN_64_TO_32_BIT_CONVERSION = YES;
				GCC_WARN_ABOUT_RETURN_TYPE = YES_ERROR;
				GCC_WARN_UNDECLARED_SELECTOR = YES;
				GCC_WARN_UNINITIALIZED_AUTOS = YES_AGGRESSIVE;
				GCC_WARN_UNUSED_FUNCTION = YES;
				GCC_WARN_UNUSED_VARIABLE = YES;
				IPHONEOS_DEPLOYMENT_TARGET = 10.1;
				MTL_ENABLE_DEBUG_INFO = NO;
				SDKROOT = iphoneos;
				VALIDATE_PRODUCT = YES;
			};
			name = Release;
		};
		B071C1671E371702005D20F6 /* Debug */ = {
			isa = XCBuildConfiguration;
			buildSettings = {
				ASSETCATALOG_COMPILER_APPICON_NAME = AppIcon;
				DEVELOPMENT_TEAM = 4R3TF23F7H;
				INFOPLIST_FILE = TestDemo/Info.plist;
				LD_RUNPATH_SEARCH_PATHS = "$(inherited) @executable_path/Frameworks";
				PRODUCT_BUNDLE_IDENTIFIER = com.syneotek.TestDemo;
				PRODUCT_NAME = "$(TARGET_NAME)";
			};
			name = Debug;
		};
		B071C1681E371702005D20F6 /* Release */ = {
			isa = XCBuildConfiguration;
			buildSettings = {
				ASSETCATALOG_COMPILER_APPICON_NAME = AppIcon;
				DEVELOPMENT_TEAM = 4R3TF23F7H;
				INFOPLIST_FILE = TestDemo/Info.plist;
				LD_RUNPATH_SEARCH_PATHS = "$(inherited) @executable_path/Frameworks";
				PRODUCT_BUNDLE_IDENTIFIER = com.syneotek.TestDemo;
				PRODUCT_NAME = "$(TARGET_NAME)";
			};
			name = Release;
		};
		B071C16A1E371702005D20F6 /* Debug */ = {
			isa = XCBuildConfiguration;
			buildSettings = {
				BUNDLE_LOADER = "$(TEST_HOST)";
				INFOPLIST_FILE = TestDemoTests/Info.plist;
				LD_RUNPATH_SEARCH_PATHS = "$(inherited) @executable_path/Frameworks @loader_path/Frameworks";
				PRODUCT_BUNDLE_IDENTIFIER = com.syneotek.TestDemoTests;
				PRODUCT_NAME = "$(TARGET_NAME)";
				TEST_HOST = "$(BUILT_PRODUCTS_DIR)/TestDemo.app/TestDemo";
			};
			name = Debug;
		};
		B071C16B1E371702005D20F6 /* Release */ = {
			isa = XCBuildConfiguration;
			buildSettings = {
				BUNDLE_LOADER = "$(TEST_HOST)";
				INFOPLIST_FILE = TestDemoTests/Info.plist;
				LD_RUNPATH_SEARCH_PATHS = "$(inherited) @executable_path/Frameworks @loader_path/Frameworks";
				PRODUCT_BUNDLE_IDENTIFIER = com.syneotek.TestDemoTests;
				PRODUCT_NAME = "$(TARGET_NAME)";
				TEST_HOST = "$(BUILT_PRODUCTS_DIR)/TestDemo.app/TestDemo";
			};
			name = Release;
		};
		B071C16D1E371702005D20F6 /* Debug */ = {
			isa = XCBuildConfiguration;
			buildSettings = {
				INFOPLIST_FILE = TestDemoUITests/Info.plist;
				LD_RUNPATH_SEARCH_PATHS = "$(inherited) @executable_path/Frameworks @loader_path/Frameworks";
				PRODUCT_BUNDLE_IDENTIFIER = com.syneotek.TestDemoUITests;
				PRODUCT_NAME = "$(TARGET_NAME)";
				TEST_TARGET_NAME = TestDemo;
			};
			name = Debug;
		};
		B071C16E1E371702005D20F6 /* Release */ = {
			isa = XCBuildConfiguration;
			buildSettings = {
				INFOPLIST_FILE = TestDemoUITests/Info.plist;
				LD_RUNPATH_SEARCH_PATHS = "$(inherited) @executable_path/Frameworks @loader_path/Frameworks";
				PRODUCT_BUNDLE_IDENTIFIER = com.syneotek.TestDemoUITests;
				PRODUCT_NAME = "$(TARGET_NAME)";
				TEST_TARGET_NAME = TestDemo;
			};
			name = Release;
		};
/* End XCBuildConfiguration section */

/* Begin XCConfigurationList section */
		B071C1341E3716EA005D20F6 /* Build configuration list for PBXProject "TestDemo" */ = {
			isa = XCConfigurationList;
			buildConfigurations = (
				B071C1641E371702005D20F6 /* Debug */,
				B071C1651E371702005D20F6 /* Release */,
			);
			defaultConfigurationIsVisible = 0;
			defaultConfigurationName = Release;
		};
		B071C1661E371702005D20F6 /* Build configuration list for PBXNativeTarget "TestDemo" */ = {
			isa = XCConfigurationList;
			buildConfigurations = (
				B071C1671E371702005D20F6 /* Debug */,
				B071C1681E371702005D20F6 /* Release */,
			);
			defaultConfigurationIsVisible = 0;
			defaultConfigurationName = Release;
		};
		B071C1691E371702005D20F6 /* Build configuration list for PBXNativeTarget "TestDemoTests" */ = {
			isa = XCConfigurationList;
			buildConfigurations = (
				B071C16A1E371702005D20F6 /* Debug */,
				B071C16B1E371702005D20F6 /* Release */,
			);
			defaultConfigurationIsVisible = 0;
			defaultConfigurationName = Release;
		};
		B071C16C1E371702005D20F6 /* Build configuration list for PBXNativeTarget "TestDemoUITests" */ = {
			isa = XCConfigurationList;
			buildConfigurations = (
				B071C16D1E371702005D20F6 /* Debug */,
				B071C16E1E371702005D20F6 /* Release */,
			);
			defaultConfigurationIsVisible = 0;
			defaultConfigurationName = Release;
		};
/* End XCConfigurationList section */
	};
	rootObject = B071C1311E3716EA005D20F6 /* Project object */;
}
